
Microsoft Visual Studio Solution File, Format Version 12.00
# Visual Studio Version 16
VisualStudioVersion = 16.0.31624.102
MinimumVisualStudioVersion = 10.0.40219.1
Project("{FAE04EC0-301F-11D3-BF4B-00C04F79EFBC}") = "Wpf", "Wpf\Wpf.csproj", "{44AC35C1-722A-4051-A353-991FC6192CC7}"
EndProject
Project("{FAE04EC0-301F-11D3-BF4B-00C04F79EFBC}") = "psychologicaltestlibrary", "psychologicaltestlibrary\psychologicaltestlibrary.csproj", "{E3A4A762-E96D-4721-B129-F95B27F2B462}"
EndProject
Project("{FAE04EC0-301F-11D3-BF4B-00C04F79EFBC}") = "libtestapp", "testapp\libtestapp.csproj", "{DA7A47C4-0782-4459-9E72-D3B766AA0ABE}"
EndProject
Global
	GlobalSection(SolutionConfigurationPlatforms) = preSolution
		Debug|Any CPU = Debug|Any CPU
		Release|Any CPU = Release|Any CPU
	EndGlobalSection
	GlobalSection(ProjectConfigurationPlatforms) = postSolution
		{44AC35C1-722A-4051-A353-991FC6192CC7}.Debug|Any CPU.ActiveCfg = Debug|Any CPU
		{44AC35C1-722A-4051-A353-991FC6192CC7}.Debug|Any CPU.Build.0 = Debug|Any CPU
		{44AC35C1-722A-4051-A353-991FC6192CC7}.Release|Any CPU.ActiveCfg = Release|Any CPU
		{44AC35C1-722A-4051-A353-991FC6192CC7}.Release|Any CPU.Build.0 = Release|Any CPU
		{E3A4A762-E96D-4721-B129-F95B27F2B462}.Debug|Any CPU.ActiveCfg = Debug|Any CPU
		{E3A4A762-E96D-4721-B129-F95B27F2B462}.Debug|Any CPU.Build.0 = Debug|Any CPU
		{E3A4A762-E96D-4721-B129-F95B27F2B462}.Release|Any CPU.ActiveCfg = Release|Any CPU
		{E3A4A762-E96D-4721-B129-F95B27F2B462}.Release|Any CPU.Build.0 = Release|Any CPU
		{DA7A47C4-0782-4459-9E72-D3B766AA0ABE}.Debug|Any CPU.ActiveCfg = Debug|Any CPU
		{DA7A47C4-0782-4459-9E72-D3B766AA0ABE}.Debug|Any CPU.Build.0 = Debug|Any CPU
		{DA7A47C4-0782-4459-9E72-D3B766AA0ABE}.Release|Any CPU.ActiveCfg = Release|Any CPU
		{DA7A47C4-0782-4459-9E72-D3B766AA0ABE}.Release|Any CPU.Build.0 = Release|Any CPU
	EndGlobalSection
	GlobalSection(SolutionProperties) = preSolution
		HideSolutionNode = FALSE
	EndGlobalSection
	GlobalSection(ExtensibilityGlobals) = postSolution
		SolutionGuid = {C778B05A-5298-4A9B-BED2-D8D2E0F75A4C}
	EndGlobalSection
EndGlobal
