
Microsoft Visual Studio Solution File, Format Version 12.00
# Visual Studio Version 16
VisualStudioVersion = 16.0.31624.102
MinimumVisualStudioVersion = 10.0.40219.1
Project("{FAE04EC0-301F-11D3-BF4B-00C04F79EFBC}") = "psychologicaltestlib", "psychologicaltestlib.csproj", "{D8404C47-7C27-44D4-AC80-0A89E006F741}"
EndProject
Global
	GlobalSection(SolutionConfigurationPlatforms) = preSolution
		Debug|Any CPU = Debug|Any CPU
		Release|Any CPU = Release|Any CPU
	EndGlobalSection
	GlobalSection(ProjectConfigurationPlatforms) = postSolution
		{D8404C47-7C27-44D4-AC80-0A89E006F741}.Debug|Any CPU.ActiveCfg = Debug|Any CPU
		{D8404C47-7C27-44D4-AC80-0A89E006F741}.Debug|Any CPU.Build.0 = Debug|Any CPU
		{D8404C47-7C27-44D4-AC80-0A89E006F741}.Release|Any CPU.ActiveCfg = Release|Any CPU
		{D8404C47-7C27-44D4-AC80-0A89E006F741}.Release|Any CPU.Build.0 = Release|Any CPU
	EndGlobalSection
	GlobalSection(SolutionProperties) = preSolution
		HideSolutionNode = FALSE
	EndGlobalSection
	GlobalSection(ExtensibilityGlobals) = postSolution
		SolutionGuid = {C778B05A-5298-4A9B-BED2-D8D2E0F75A4C}
	EndGlobalSection
EndGlobal
